
Microsoft Visual Studio Solution File, Format Version 12.00
# Visual Studio Version 17
VisualStudioVersion = 17.5.33516.290
MinimumVisualStudioVersion = 10.0.40219.1
Project("{FAE04EC0-301F-11D3-BF4B-00C04F79EFBC}") = "Exerc01_LogicalOperators", "Exerc01_LogicalOperators\Exerc01_LogicalOperators.csproj", "{7DC372EA-07FD-4CE9-A733-DD659DAEDE80}"
EndProject
Project("{9A19103F-16F7-4668-BE54-9A1E7A4F7556}") = "Exerc02_NameRACourse", "Exerc02_NameRACourse\Exerc02_NameRACourse.csproj", "{BF2B2E19-290F-4B9C-AC01-3411632DE38B}"
EndProject
Global
	GlobalSection(SolutionConfigurationPlatforms) = preSolution
		Debug|Any CPU = Debug|Any CPU
		Release|Any CPU = Release|Any CPU
	EndGlobalSection
	GlobalSection(ProjectConfigurationPlatforms) = postSolution
		{7DC372EA-07FD-4CE9-A733-DD659DAEDE80}.Debug|Any CPU.ActiveCfg = Debug|Any CPU
		{7DC372EA-07FD-4CE9-A733-DD659DAEDE80}.Debug|Any CPU.Build.0 = Debug|Any CPU
		{7DC372EA-07FD-4CE9-A733-DD659DAEDE80}.Release|Any CPU.ActiveCfg = Release|Any CPU
		{7DC372EA-07FD-4CE9-A733-DD659DAEDE80}.Release|Any CPU.Build.0 = Release|Any CPU
		{BF2B2E19-290F-4B9C-AC01-3411632DE38B}.Debug|Any CPU.ActiveCfg = Debug|Any CPU
		{BF2B2E19-290F-4B9C-AC01-3411632DE38B}.Debug|Any CPU.Build.0 = Debug|Any CPU
		{BF2B2E19-290F-4B9C-AC01-3411632DE38B}.Release|Any CPU.ActiveCfg = Release|Any CPU
		{BF2B2E19-290F-4B9C-AC01-3411632DE38B}.Release|Any CPU.Build.0 = Release|Any CPU
	EndGlobalSection
	GlobalSection(SolutionProperties) = preSolution
		HideSolutionNode = FALSE
	EndGlobalSection
	GlobalSection(ExtensibilityGlobals) = postSolution
		SolutionGuid = {73D6EEB6-F452-48E6-80A6-92D0B42AA5BA}
	EndGlobalSection
EndGlobal
