
Microsoft Visual Studio Solution File, Format Version 12.00
# Visual Studio Version 17
VisualStudioVersion = 17.5.33516.290
MinimumVisualStudioVersion = 10.0.40219.1
Project("{FAE04EC0-301F-11D3-BF4B-00C04F79EFBC}") = "Exerc03_PersonalInformation", "Exerc03_PersonalInformation\Exerc03_PersonalInformation.csproj", "{BF1BDC35-02BE-4627-8396-A38A65B06B86}"
EndProject
Global
	GlobalSection(SolutionConfigurationPlatforms) = preSolution
		Debug|Any CPU = Debug|Any CPU
		Release|Any CPU = Release|Any CPU
	EndGlobalSection
	GlobalSection(ProjectConfigurationPlatforms) = postSolution
		{BF1BDC35-02BE-4627-8396-A38A65B06B86}.Debug|Any CPU.ActiveCfg = Debug|Any CPU
		{BF1BDC35-02BE-4627-8396-A38A65B06B86}.Debug|Any CPU.Build.0 = Debug|Any CPU
		{BF1BDC35-02BE-4627-8396-A38A65B06B86}.Release|Any CPU.ActiveCfg = Release|Any CPU
		{BF1BDC35-02BE-4627-8396-A38A65B06B86}.Release|Any CPU.Build.0 = Release|Any CPU
	EndGlobalSection
	GlobalSection(SolutionProperties) = preSolution
		HideSolutionNode = FALSE
	EndGlobalSection
	GlobalSection(ExtensibilityGlobals) = postSolution
		SolutionGuid = {9A89822B-03FF-4D38-ACA3-FFAE23B3807B}
	EndGlobalSection
EndGlobal
